
Microsoft Visual Studio Solution File, Format Version 12.00
# Visual Studio Version 16
VisualStudioVersion = 16.0.31205.134
MinimumVisualStudioVersion = 10.0.40219.1
Project("{9A19103F-16F7-4668-BE54-9A1E7A4F7556}") = "E-commerce", "E-commerce\E-commerce.csproj", "{FE672CC1-2E45-4D57-A216-249BB6BA3CF1}"
EndProject
Project("{9A19103F-16F7-4668-BE54-9A1E7A4F7556}") = "CustomerSide", "CustomerSide\CustomerSide.csproj", "{624371D2-B637-4CDD-833E-A68F94A9F1A3}"
EndProject
Project("{9A19103F-16F7-4668-BE54-9A1E7A4F7556}") = "E-commerce.Shared", "E-commerce.Shared\E-commerce.Shared.csproj", "{99292AAC-F1D4-4122-BC8E-459A2DA4FE39}"
EndProject
Global
	GlobalSection(SolutionConfigurationPlatforms) = preSolution
		Debug|Any CPU = Debug|Any CPU
		Release|Any CPU = Release|Any CPU
	EndGlobalSection
	GlobalSection(ProjectConfigurationPlatforms) = postSolution
		{FE672CC1-2E45-4D57-A216-249BB6BA3CF1}.Debug|Any CPU.ActiveCfg = Debug|Any CPU
		{FE672CC1-2E45-4D57-A216-249BB6BA3CF1}.Debug|Any CPU.Build.0 = Debug|Any CPU
		{FE672CC1-2E45-4D57-A216-249BB6BA3CF1}.Release|Any CPU.ActiveCfg = Release|Any CPU
		{FE672CC1-2E45-4D57-A216-249BB6BA3CF1}.Release|Any CPU.Build.0 = Release|Any CPU
		{624371D2-B637-4CDD-833E-A68F94A9F1A3}.Debug|Any CPU.ActiveCfg = Debug|Any CPU
		{624371D2-B637-4CDD-833E-A68F94A9F1A3}.Debug|Any CPU.Build.0 = Debug|Any CPU
		{624371D2-B637-4CDD-833E-A68F94A9F1A3}.Release|Any CPU.ActiveCfg = Release|Any CPU
		{624371D2-B637-4CDD-833E-A68F94A9F1A3}.Release|Any CPU.Build.0 = Release|Any CPU
		{99292AAC-F1D4-4122-BC8E-459A2DA4FE39}.Debug|Any CPU.ActiveCfg = Debug|Any CPU
		{99292AAC-F1D4-4122-BC8E-459A2DA4FE39}.Debug|Any CPU.Build.0 = Debug|Any CPU
		{99292AAC-F1D4-4122-BC8E-459A2DA4FE39}.Release|Any CPU.ActiveCfg = Release|Any CPU
		{99292AAC-F1D4-4122-BC8E-459A2DA4FE39}.Release|Any CPU.Build.0 = Release|Any CPU
	EndGlobalSection
	GlobalSection(SolutionProperties) = preSolution
		HideSolutionNode = FALSE
	EndGlobalSection
	GlobalSection(ExtensibilityGlobals) = postSolution
		SolutionGuid = {55E0C1B0-E2D9-4898-A173-08FD1427E072}
	EndGlobalSection
EndGlobal
